# This file is autogenerated, do not edit; changes may be undone by the next 'dep ensure'.


[[projects]]
  digest = "1:182448a87b7664e4ba839a53515fe858c1b7248b36dab488c61fe897d0c86843"
  name = "github.com/google/codesearch"
  packages = [
    "index",
    "regexp",
    "sparse",
  ]
  pruneopts = "UT"
  revision = "4fe90b597ae534f90238f82c7b5b1bb6d6d52dff"
  version = "v1.1.0"

[[projects]]
  digest = "1:38d2e838817528fd7d1ccdf7fa6700ee0f1727b3c484d13cab54bfbdaab12b0e"
  name = "github.com/karrick/godirwalk"
  packages = ["."]
  pruneopts = "UT"
  revision = "6d1c7760ec857d2984abe0a23fa263877f50d3f0"
  version = "v1.8.0"

[[projects]]
  digest = "1:cf31692c14422fa27c83a05292eb5cbe0fb2775972e8f1f8446a71549bd8980b"
  name = "github.com/pkg/errors"
  packages = ["."]
  pruneopts = "UT"
  revision = "ba968bfe8b2f7e042a574c888954fccecfa385b4"
  version = "v0.8.1"

[solve-meta]
  analyzer-name = "dep"
  analyzer-version = 1
  input-imports = [
    "github.com/google/codesearch/index",
    "github.com/google/codesearch/regexp",
    "github.com/karrick/godirwalk",
    "github.com/pkg/errors",
  ]
  solver-name = "gps-cdcl"
  solver-version = 1
